
Microsoft Visual Studio Solution File, Format Version 12.00
# Visual Studio 2012
Project("{FAE04EC0-301F-11D3-BF4B-00C04F79EFBC}") = "KI3_Class_2", "KI3_Class_2\KI3_Class_2.csproj", "{BD72DE3A-DE7F-4B1A-A274-D27752D8A822}"
EndProject
Global
	GlobalSection(SolutionConfigurationPlatforms) = preSolution
		Debug|Any CPU = Debug|Any CPU
		Release|Any CPU = Release|Any CPU
	EndGlobalSection
	GlobalSection(ProjectConfigurationPlatforms) = postSolution
		{BD72DE3A-DE7F-4B1A-A274-D27752D8A822}.Debug|Any CPU.ActiveCfg = Debug|Any CPU
		{BD72DE3A-DE7F-4B1A-A274-D27752D8A822}.Debug|Any CPU.Build.0 = Debug|Any CPU
		{BD72DE3A-DE7F-4B1A-A274-D27752D8A822}.Release|Any CPU.ActiveCfg = Release|Any CPU
		{BD72DE3A-DE7F-4B1A-A274-D27752D8A822}.Release|Any CPU.Build.0 = Release|Any CPU
	EndGlobalSection
	GlobalSection(SolutionProperties) = preSolution
		HideSolutionNode = FALSE
	EndGlobalSection
EndGlobal
