
Microsoft Visual Studio Solution File, Format Version 12.00
# Visual Studio 2012
Project("{FAE04EC0-301F-11D3-BF4B-00C04F79EFBC}") = "ASP1", "ASP1\ASP1.csproj", "{9432A99C-D0E5-492C-ADCC-0E9C9B42DD7E}"
EndProject
Global
	GlobalSection(SolutionConfigurationPlatforms) = preSolution
		Debug|Any CPU = Debug|Any CPU
		Release|Any CPU = Release|Any CPU
	EndGlobalSection
	GlobalSection(ProjectConfigurationPlatforms) = postSolution
		{9432A99C-D0E5-492C-ADCC-0E9C9B42DD7E}.Debug|Any CPU.ActiveCfg = Debug|Any CPU
		{9432A99C-D0E5-492C-ADCC-0E9C9B42DD7E}.Debug|Any CPU.Build.0 = Debug|Any CPU
		{9432A99C-D0E5-492C-ADCC-0E9C9B42DD7E}.Release|Any CPU.ActiveCfg = Release|Any CPU
		{9432A99C-D0E5-492C-ADCC-0E9C9B42DD7E}.Release|Any CPU.Build.0 = Release|Any CPU
	EndGlobalSection
	GlobalSection(SolutionProperties) = preSolution
		HideSolutionNode = FALSE
	EndGlobalSection
EndGlobal
