
Microsoft Visual Studio Solution File, Format Version 12.00
# Visual Studio 2012
Project("{FAE04EC0-301F-11D3-BF4B-00C04F79EFBC}") = "WindowsServiceK", "WindowsServiceK\WindowsServiceK.csproj", "{DAFD600D-A21A-4449-BE0C-DC3EFB03F506}"
EndProject
Global
	GlobalSection(SolutionConfigurationPlatforms) = preSolution
		Debug|Any CPU = Debug|Any CPU
		Release|Any CPU = Release|Any CPU
	EndGlobalSection
	GlobalSection(ProjectConfigurationPlatforms) = postSolution
		{DAFD600D-A21A-4449-BE0C-DC3EFB03F506}.Debug|Any CPU.ActiveCfg = Debug|Any CPU
		{DAFD600D-A21A-4449-BE0C-DC3EFB03F506}.Debug|Any CPU.Build.0 = Debug|Any CPU
		{DAFD600D-A21A-4449-BE0C-DC3EFB03F506}.Release|Any CPU.ActiveCfg = Release|Any CPU
		{DAFD600D-A21A-4449-BE0C-DC3EFB03F506}.Release|Any CPU.Build.0 = Release|Any CPU
	EndGlobalSection
	GlobalSection(SolutionProperties) = preSolution
		HideSolutionNode = FALSE
	EndGlobalSection
EndGlobal
