
Microsoft Visual Studio Solution File, Format Version 12.00
# Visual Studio 2012
Project("{FAE04EC0-301F-11D3-BF4B-00C04F79EFBC}") = "WindowsServicePart_4", "WindowsServicePart_4\WindowsServicePart_4.csproj", "{A7090C6B-73C8-4E43-B379-BF010C0DBFA8}"
EndProject
Project("{6141683F-8A12-4E36-9623-2EB02B2C2303}") = "Setup1", "Setup1\Setup1.isproj", "{6590D398-80B8-45FB-AA5C-A129440B7B7D}"
	ProjectSection(ProjectDependencies) = postProject
		{A7090C6B-73C8-4E43-B379-BF010C0DBFA8} = {A7090C6B-73C8-4E43-B379-BF010C0DBFA8}
	EndProjectSection
EndProject
Global
	GlobalSection(SolutionConfigurationPlatforms) = preSolution
		CD_ROM|Any CPU = CD_ROM|Any CPU
		Debug|Any CPU = Debug|Any CPU
		DVD-5|Any CPU = DVD-5|Any CPU
		Release|Any CPU = Release|Any CPU
		SingleImage|Any CPU = SingleImage|Any CPU
	EndGlobalSection
	GlobalSection(ProjectConfigurationPlatforms) = postSolution
		{A7090C6B-73C8-4E43-B379-BF010C0DBFA8}.CD_ROM|Any CPU.ActiveCfg = Release|Any CPU
		{A7090C6B-73C8-4E43-B379-BF010C0DBFA8}.CD_ROM|Any CPU.Build.0 = Release|Any CPU
		{A7090C6B-73C8-4E43-B379-BF010C0DBFA8}.Debug|Any CPU.ActiveCfg = Debug|Any CPU
		{A7090C6B-73C8-4E43-B379-BF010C0DBFA8}.Debug|Any CPU.Build.0 = Debug|Any CPU
		{A7090C6B-73C8-4E43-B379-BF010C0DBFA8}.DVD-5|Any CPU.ActiveCfg = Debug|Any CPU
		{A7090C6B-73C8-4E43-B379-BF010C0DBFA8}.DVD-5|Any CPU.Build.0 = Debug|Any CPU
		{A7090C6B-73C8-4E43-B379-BF010C0DBFA8}.Release|Any CPU.ActiveCfg = Release|Any CPU
		{A7090C6B-73C8-4E43-B379-BF010C0DBFA8}.Release|Any CPU.Build.0 = Release|Any CPU
		{A7090C6B-73C8-4E43-B379-BF010C0DBFA8}.SingleImage|Any CPU.ActiveCfg = Release|Any CPU
		{A7090C6B-73C8-4E43-B379-BF010C0DBFA8}.SingleImage|Any CPU.Build.0 = Release|Any CPU
		{6590D398-80B8-45FB-AA5C-A129440B7B7D}.CD_ROM|Any CPU.ActiveCfg = CD_ROM
		{6590D398-80B8-45FB-AA5C-A129440B7B7D}.CD_ROM|Any CPU.Build.0 = CD_ROM
		{6590D398-80B8-45FB-AA5C-A129440B7B7D}.Debug|Any CPU.ActiveCfg = CD_ROM
		{6590D398-80B8-45FB-AA5C-A129440B7B7D}.Debug|Any CPU.Build.0 = CD_ROM
		{6590D398-80B8-45FB-AA5C-A129440B7B7D}.DVD-5|Any CPU.ActiveCfg = DVD-5
		{6590D398-80B8-45FB-AA5C-A129440B7B7D}.DVD-5|Any CPU.Build.0 = DVD-5
		{6590D398-80B8-45FB-AA5C-A129440B7B7D}.Release|Any CPU.ActiveCfg = SingleImage
		{6590D398-80B8-45FB-AA5C-A129440B7B7D}.Release|Any CPU.Build.0 = SingleImage
		{6590D398-80B8-45FB-AA5C-A129440B7B7D}.SingleImage|Any CPU.ActiveCfg = SingleImage
		{6590D398-80B8-45FB-AA5C-A129440B7B7D}.SingleImage|Any CPU.Build.0 = SingleImage
	EndGlobalSection
	GlobalSection(SolutionProperties) = preSolution
		HideSolutionNode = FALSE
	EndGlobalSection
EndGlobal
