
Microsoft Visual Studio Solution File, Format Version 12.00
# Visual Studio 2012
Project("{FAE04EC0-301F-11D3-BF4B-00C04F79EFBC}") = "part 4", "part 4\part 4.csproj", "{CD4A7698-F835-49CC-841F-F7F0EABB9557}"
EndProject
Global
	GlobalSection(SolutionConfigurationPlatforms) = preSolution
		Debug|Any CPU = Debug|Any CPU
		Release|Any CPU = Release|Any CPU
	EndGlobalSection
	GlobalSection(ProjectConfigurationPlatforms) = postSolution
		{CD4A7698-F835-49CC-841F-F7F0EABB9557}.Debug|Any CPU.ActiveCfg = Debug|Any CPU
		{CD4A7698-F835-49CC-841F-F7F0EABB9557}.Debug|Any CPU.Build.0 = Debug|Any CPU
		{CD4A7698-F835-49CC-841F-F7F0EABB9557}.Release|Any CPU.ActiveCfg = Release|Any CPU
		{CD4A7698-F835-49CC-841F-F7F0EABB9557}.Release|Any CPU.Build.0 = Release|Any CPU
	EndGlobalSection
	GlobalSection(SolutionProperties) = preSolution
		HideSolutionNode = FALSE
	EndGlobalSection
EndGlobal
